
Microsoft Visual Studio Solution File, Format Version 12.00
# Visual Studio Version 17
VisualStudioVersion = 17.9.34622.214
MinimumVisualStudioVersion = 10.0.40219.1
Project("{FAE04EC0-301F-11D3-BF4B-00C04F79EFBC}") = "CSPractice1", "CSPractice1\CSPractice1.csproj", "{8A6C5991-4E60-4FBD-B3D4-4538E0CDE275}"
EndProject
Global
	GlobalSection(SolutionConfigurationPlatforms) = preSolution
		Debug|Any CPU = Debug|Any CPU
		Release|Any CPU = Release|Any CPU
	EndGlobalSection
	GlobalSection(ProjectConfigurationPlatforms) = postSolution
		{8A6C5991-4E60-4FBD-B3D4-4538E0CDE275}.Debug|Any CPU.ActiveCfg = Debug|Any CPU
		{8A6C5991-4E60-4FBD-B3D4-4538E0CDE275}.Debug|Any CPU.Build.0 = Debug|Any CPU
		{8A6C5991-4E60-4FBD-B3D4-4538E0CDE275}.Release|Any CPU.ActiveCfg = Release|Any CPU
		{8A6C5991-4E60-4FBD-B3D4-4538E0CDE275}.Release|Any CPU.Build.0 = Release|Any CPU
	EndGlobalSection
	GlobalSection(SolutionProperties) = preSolution
		HideSolutionNode = FALSE
	EndGlobalSection
	GlobalSection(ExtensibilityGlobals) = postSolution
		SolutionGuid = {E7DE0188-E1BC-496E-A591-620C416F1F5B}
	EndGlobalSection
EndGlobal
